
Microsoft Visual Studio Solution File, Format Version 12.00
# Visual Studio Version 17
VisualStudioVersion = 17.14.36414.22 d17.14
MinimumVisualStudioVersion = 10.0.40219.1
Project("{FAE04EC0-301F-11D3-BF4B-00C04F79EFBC}") = "ERP_Project11", "ERP_Project11\ERP_Project11.csproj", "{06B9738A-3BA0-4C2E-A251-0CAB2F66A438}"
EndProject
Global
	GlobalSection(SolutionConfigurationPlatforms) = preSolution
		Debug|Any CPU = Debug|Any CPU
		Release|Any CPU = Release|Any CPU
	EndGlobalSection
	GlobalSection(ProjectConfigurationPlatforms) = postSolution
		{06B9738A-3BA0-4C2E-A251-0CAB2F66A438}.Debug|Any CPU.ActiveCfg = Debug|Any CPU
		{06B9738A-3BA0-4C2E-A251-0CAB2F66A438}.Debug|Any CPU.Build.0 = Debug|Any CPU
		{06B9738A-3BA0-4C2E-A251-0CAB2F66A438}.Release|Any CPU.ActiveCfg = Release|Any CPU
		{06B9738A-3BA0-4C2E-A251-0CAB2F66A438}.Release|Any CPU.Build.0 = Release|Any CPU
	EndGlobalSection
	GlobalSection(SolutionProperties) = preSolution
		HideSolutionNode = FALSE
	EndGlobalSection
	GlobalSection(ExtensibilityGlobals) = postSolution
		SolutionGuid = {7BBC39F9-AF43-437C-9057-5FD57DB12FD1}
	EndGlobalSection
EndGlobal
